
Microsoft Visual Studio Solution File, Format Version 12.00
# Visual Studio 14
VisualStudioVersion = 14.0.25420.1
MinimumVisualStudioVersion = 10.0.40219.1
Project("{FAE04EC0-301F-11D3-BF4B-00C04F79EFBC}") = "SBC.TimeCards", "SBC.TimeCards\SBC.TimeCards.csproj", "{8894A9A9-914E-4E5E-94E5-B4D92F2A4A5E}"
EndProject
Project("{FAE04EC0-301F-11D3-BF4B-00C04F79EFBC}") = "SBC.TimeCards.Data.Models", "SBC.TimeCards.Data.Models\SBC.TimeCards.Data.Models.csproj", "{3173090C-9F00-496D-8320-444B6FA50AEE}"
EndProject
Project("{FAE04EC0-301F-11D3-BF4B-00C04F79EFBC}") = "SBC.TimeCards.Data.Access", "SBC.TimeCards.Data.Access\SBC.TimeCards.Data.Access.csproj", "{7144E661-9B6D-4820-B499-A86F302F68A0}"
EndProject
Project("{FAE04EC0-301F-11D3-BF4B-00C04F79EFBC}") = "SBC.TimeCards.Service", "SBC.TimeCards.Service\SBC.TimeCards.Service.csproj", "{7E5CFE10-AD22-43E4-BF86-292DDC6D13EB}"
EndProject
Project("{FAE04EC0-301F-11D3-BF4B-00C04F79EFBC}") = "SBC.TimeCards.Common", "SBC.TimeCards.Common\SBC.TimeCards.Common.csproj", "{8296ECE6-38EB-4535-A9A2-145FA534B423}"
EndProject
Project("{FAE04EC0-301F-11D3-BF4B-00C04F79EFBC}") = "SBC.TimeCards.Resources", "SBC.TimeCards.Resources\SBC.TimeCards.Resources.csproj", "{4E4ECC1F-0914-4905-A47C-A85178810807}"
EndProject
Global
	GlobalSection(SolutionConfigurationPlatforms) = preSolution
		Debug|Any CPU = Debug|Any CPU
		Release|Any CPU = Release|Any CPU
	EndGlobalSection
	GlobalSection(ProjectConfigurationPlatforms) = postSolution
		{8894A9A9-914E-4E5E-94E5-B4D92F2A4A5E}.Debug|Any CPU.ActiveCfg = Debug|Any CPU
		{8894A9A9-914E-4E5E-94E5-B4D92F2A4A5E}.Debug|Any CPU.Build.0 = Debug|Any CPU
		{8894A9A9-914E-4E5E-94E5-B4D92F2A4A5E}.Release|Any CPU.ActiveCfg = Release|Any CPU
		{8894A9A9-914E-4E5E-94E5-B4D92F2A4A5E}.Release|Any CPU.Build.0 = Release|Any CPU
		{3173090C-9F00-496D-8320-444B6FA50AEE}.Debug|Any CPU.ActiveCfg = Debug|Any CPU
		{3173090C-9F00-496D-8320-444B6FA50AEE}.Debug|Any CPU.Build.0 = Debug|Any CPU
		{3173090C-9F00-496D-8320-444B6FA50AEE}.Release|Any CPU.ActiveCfg = Release|Any CPU
		{3173090C-9F00-496D-8320-444B6FA50AEE}.Release|Any CPU.Build.0 = Release|Any CPU
		{7144E661-9B6D-4820-B499-A86F302F68A0}.Debug|Any CPU.ActiveCfg = Debug|Any CPU
		{7144E661-9B6D-4820-B499-A86F302F68A0}.Debug|Any CPU.Build.0 = Debug|Any CPU
		{7144E661-9B6D-4820-B499-A86F302F68A0}.Release|Any CPU.ActiveCfg = Release|Any CPU
		{7144E661-9B6D-4820-B499-A86F302F68A0}.Release|Any CPU.Build.0 = Release|Any CPU
		{7E5CFE10-AD22-43E4-BF86-292DDC6D13EB}.Debug|Any CPU.ActiveCfg = Debug|Any CPU
		{7E5CFE10-AD22-43E4-BF86-292DDC6D13EB}.Debug|Any CPU.Build.0 = Debug|Any CPU
		{7E5CFE10-AD22-43E4-BF86-292DDC6D13EB}.Release|Any CPU.ActiveCfg = Release|Any CPU
		{7E5CFE10-AD22-43E4-BF86-292DDC6D13EB}.Release|Any CPU.Build.0 = Release|Any CPU
		{8296ECE6-38EB-4535-A9A2-145FA534B423}.Debug|Any CPU.ActiveCfg = Debug|Any CPU
		{8296ECE6-38EB-4535-A9A2-145FA534B423}.Debug|Any CPU.Build.0 = Debug|Any CPU
		{8296ECE6-38EB-4535-A9A2-145FA534B423}.Release|Any CPU.ActiveCfg = Release|Any CPU
		{8296ECE6-38EB-4535-A9A2-145FA534B423}.Release|Any CPU.Build.0 = Release|Any CPU
		{4E4ECC1F-0914-4905-A47C-A85178810807}.Debug|Any CPU.ActiveCfg = Debug|Any CPU
		{4E4ECC1F-0914-4905-A47C-A85178810807}.Debug|Any CPU.Build.0 = Debug|Any CPU
		{4E4ECC1F-0914-4905-A47C-A85178810807}.Release|Any CPU.ActiveCfg = Release|Any CPU
		{4E4ECC1F-0914-4905-A47C-A85178810807}.Release|Any CPU.Build.0 = Release|Any CPU
	EndGlobalSection
	GlobalSection(SolutionProperties) = preSolution
		HideSolutionNode = FALSE
	EndGlobalSection
	GlobalSection(ExtensibilityGlobals) = postSolution
		SolutionGuid = {2F9DE6F8-6DB4-4D0D-A01E-18E0D4B15809}
	EndGlobalSection
EndGlobal
